
Microsoft Visual Studio Solution File, Format Version 12.00
# Visual Studio Version 16
VisualStudioVersion = 16.0.29009.5
MinimumVisualStudioVersion = 10.0.40219.1
Project("{8BC9CEB8-8B4A-11D0-8D11-00A0C91BC942}") = "SwitchSimilarProgramWindows", "SwitchSimilarProgramWindows\SwitchSimilarProgramWindows.vcxproj", "{014FA29C-26F8-4590-B296-5872585452BB}"
EndProject
Global
	GlobalSection(SolutionConfigurationPlatforms) = preSolution
		Debug|x64 = Debug|x64
		Debug|x86 = Debug|x86
		Release|x64 = Release|x64
		Release|x86 = Release|x86
	EndGlobalSection
	GlobalSection(ProjectConfigurationPlatforms) = postSolution
		{014FA29C-26F8-4590-B296-5872585452BB}.Debug|x64.ActiveCfg = Debug|x64
		{014FA29C-26F8-4590-B296-5872585452BB}.Debug|x64.Build.0 = Debug|x64
		{014FA29C-26F8-4590-B296-5872585452BB}.Debug|x86.ActiveCfg = Debug|Win32
		{014FA29C-26F8-4590-B296-5872585452BB}.Debug|x86.Build.0 = Debug|Win32
		{014FA29C-26F8-4590-B296-5872585452BB}.Release|x64.ActiveCfg = Release|x64
		{014FA29C-26F8-4590-B296-5872585452BB}.Release|x64.Build.0 = Release|x64
		{014FA29C-26F8-4590-B296-5872585452BB}.Release|x86.ActiveCfg = Release|Win32
		{014FA29C-26F8-4590-B296-5872585452BB}.Release|x86.Build.0 = Release|Win32
	EndGlobalSection
	GlobalSection(SolutionProperties) = preSolution
		HideSolutionNode = FALSE
	EndGlobalSection
	GlobalSection(ExtensibilityGlobals) = postSolution
		SolutionGuid = {03B77BCF-2446-4735-92BE-E1FA157EAF9F}
	EndGlobalSection
EndGlobal
